
Microsoft Visual Studio Solution File, Format Version 12.00
# Visual Studio Version 17
VisualStudioVersion = 17.8.34525.116
MinimumVisualStudioVersion = 10.0.40219.1
Project("{FAE04EC0-301F-11D3-BF4B-00C04F79EFBC}") = "CreatePDFs", "CreatePDFs\CreatePDFs.csproj", "{B930F038-131C-45FE-A70E-FE83AFB52F60}"
EndProject
Global
	GlobalSection(SolutionConfigurationPlatforms) = preSolution
		Debug|Any CPU = Debug|Any CPU
		Release|Any CPU = Release|Any CPU
	EndGlobalSection
	GlobalSection(ProjectConfigurationPlatforms) = postSolution
		{B930F038-131C-45FE-A70E-FE83AFB52F60}.Debug|Any CPU.ActiveCfg = Debug|Any CPU
		{B930F038-131C-45FE-A70E-FE83AFB52F60}.Debug|Any CPU.Build.0 = Debug|Any CPU
		{B930F038-131C-45FE-A70E-FE83AFB52F60}.Release|Any CPU.ActiveCfg = Release|Any CPU
		{B930F038-131C-45FE-A70E-FE83AFB52F60}.Release|Any CPU.Build.0 = Release|Any CPU
	EndGlobalSection
	GlobalSection(SolutionProperties) = preSolution
		HideSolutionNode = FALSE
	EndGlobalSection
	GlobalSection(ExtensibilityGlobals) = postSolution
		SolutionGuid = {1E2816AA-14F1-4EF7-A6D1-A366168B7BCD}
	EndGlobalSection
EndGlobal
